# This file is automatically @generated by Poetry 1.5.1 and should not be changed by hand.

[[package]]
name = "absl-py"
version = "1.4.0"
description = "Abseil Python Common Libraries, see https://github.com/abseil/abseil-py."
optional = false
python-versions = ">=3.6"
files = [
    {file = "absl-py-1.4.0.tar.gz", hash = "sha256:d2c244d01048ba476e7c080bd2c6df5e141d211de80223460d5b3b8a2a58433d"},
    {file = "absl_py-1.4.0-py3-none-any.whl", hash = "sha256:0d3fe606adfa4f7db64792dd4c7aee4ee0c38ab75dfd353b7a83ed3e957fcb47"},
]

[[package]]
name = "cpmpy"
version = "0.9.16"
description = "A numpy-based library for modeling constraint programming problems"
optional = false
python-versions = ">=3.6"
files = [
    {file = "cpmpy-0.9.16-py3-none-any.whl", hash = "sha256:df1d624549633dcd2b112a2a742b3840af58ef88f774160bb59b6122b4141b94"},
    {file = "cpmpy-0.9.16.tar.gz", hash = "sha256:ef50acd3c7af94673ce757e57674ee5cd0e72cde2f3a726d4d5e1e1be5df9690"},
]

[package.dependencies]
numpy = ">=1.5"
ortools = ">=5.0"

[package.extras]
full = ["minizinc"]

[[package]]
name = "numpy"
version = "1.25.1"
description = "Fundamental package for array computing in Python"
optional = false
python-versions = ">=3.9"
files = [
    {file = "numpy-1.25.1-cp310-cp310-macosx_10_9_x86_64.whl", hash = "sha256:77d339465dff3eb33c701430bcb9c325b60354698340229e1dff97745e6b3efa"},
    {file = "numpy-1.25.1-cp310-cp310-macosx_11_0_arm64.whl", hash = "sha256:d736b75c3f2cb96843a5c7f8d8ccc414768d34b0a75f466c05f3a739b406f10b"},
    {file = "numpy-1.25.1-cp310-cp310-manylinux_2_17_aarch64.manylinux2014_aarch64.whl", hash = "sha256:4a90725800caeaa160732d6b31f3f843ebd45d6b5f3eec9e8cc287e30f2805bf"},
    {file = "numpy-1.25.1-cp310-cp310-manylinux_2_17_x86_64.manylinux2014_x86_64.whl", hash = "sha256:6c6c9261d21e617c6dc5eacba35cb68ec36bb72adcff0dee63f8fbc899362588"},
    {file = "numpy-1.25.1-cp310-cp310-musllinux_1_1_x86_64.whl", hash = "sha256:0def91f8af6ec4bb94c370e38c575855bf1d0be8a8fbfba42ef9c073faf2cf19"},
    {file = "numpy-1.25.1-cp310-cp310-win32.whl", hash = "sha256:fd67b306320dcadea700a8f79b9e671e607f8696e98ec255915c0c6d6b818503"},
    {file = "numpy-1.25.1-cp310-cp310-win_amd64.whl", hash = "sha256:c1516db588987450b85595586605742879e50dcce923e8973f79529651545b57"},
    {file = "numpy-1.25.1-cp311-cp311-macosx_10_9_x86_64.whl", hash = "sha256:6b82655dd8efeea69dbf85d00fca40013d7f503212bc5259056244961268b66e"},
    {file = "numpy-1.25.1-cp311-cp311-macosx_11_0_arm64.whl", hash = "sha256:e8f6049c4878cb16960fbbfb22105e49d13d752d4d8371b55110941fb3b17800"},
    {file = "numpy-1.25.1-cp311-cp311-manylinux_2_17_aarch64.manylinux2014_aarch64.whl", hash = "sha256:41a56b70e8139884eccb2f733c2f7378af06c82304959e174f8e7370af112e09"},
    {file = "numpy-1.25.1-cp311-cp311-manylinux_2_17_x86_64.manylinux2014_x86_64.whl", hash = "sha256:d5154b1a25ec796b1aee12ac1b22f414f94752c5f94832f14d8d6c9ac40bcca6"},
    {file = "numpy-1.25.1-cp311-cp311-musllinux_1_1_x86_64.whl", hash = "sha256:38eb6548bb91c421261b4805dc44def9ca1a6eef6444ce35ad1669c0f1a3fc5d"},
    {file = "numpy-1.25.1-cp311-cp311-win32.whl", hash = "sha256:791f409064d0a69dd20579345d852c59822c6aa087f23b07b1b4e28ff5880fcb"},
    {file = "numpy-1.25.1-cp311-cp311-win_amd64.whl", hash = "sha256:c40571fe966393b212689aa17e32ed905924120737194b5d5c1b20b9ed0fb171"},
    {file = "numpy-1.25.1-cp39-cp39-macosx_10_9_x86_64.whl", hash = "sha256:3d7abcdd85aea3e6cdddb59af2350c7ab1ed764397f8eec97a038ad244d2d105"},
    {file = "numpy-1.25.1-cp39-cp39-macosx_11_0_arm64.whl", hash = "sha256:1a180429394f81c7933634ae49b37b472d343cccb5bb0c4a575ac8bbc433722f"},
    {file = "numpy-1.25.1-cp39-cp39-manylinux_2_17_aarch64.manylinux2014_aarch64.whl", hash = "sha256:d412c1697c3853c6fc3cb9751b4915859c7afe6a277c2bf00acf287d56c4e625"},
    {file = "numpy-1.25.1-cp39-cp39-manylinux_2_17_x86_64.manylinux2014_x86_64.whl", hash = "sha256:20e1266411120a4f16fad8efa8e0454d21d00b8c7cee5b5ccad7565d95eb42dd"},
    {file = "numpy-1.25.1-cp39-cp39-musllinux_1_1_x86_64.whl", hash = "sha256:f76aebc3358ade9eacf9bc2bb8ae589863a4f911611694103af05346637df1b7"},
    {file = "numpy-1.25.1-cp39-cp39-win32.whl", hash = "sha256:247d3ffdd7775bdf191f848be8d49100495114c82c2bd134e8d5d075fb386a1c"},
    {file = "numpy-1.25.1-cp39-cp39-win_amd64.whl", hash = "sha256:1d5d3c68e443c90b38fdf8ef40e60e2538a27548b39b12b73132456847f4b631"},
    {file = "numpy-1.25.1-pp39-pypy39_pp73-macosx_10_9_x86_64.whl", hash = "sha256:35a9527c977b924042170a0887de727cd84ff179e478481404c5dc66b4170009"},
    {file = "numpy-1.25.1-pp39-pypy39_pp73-manylinux_2_17_x86_64.manylinux2014_x86_64.whl", hash = "sha256:0d3fe3dd0506a28493d82dc3cf254be8cd0d26f4008a417385cbf1ae95b54004"},
    {file = "numpy-1.25.1-pp39-pypy39_pp73-win_amd64.whl", hash = "sha256:012097b5b0d00a11070e8f2e261128c44157a8689f7dedcf35576e525893f4fe"},
    {file = "numpy-1.25.1.tar.gz", hash = "sha256:9a3a9f3a61480cc086117b426a8bd86869c213fc4072e606f01c4e4b66eb92bf"},
]

[[package]]
name = "ortools"
version = "9.5.2237"
description = "Google OR-Tools python libraries and modules"
optional = false
python-versions = ">= 3.6"
files = [
    {file = "ortools-9.5.2237-cp310-cp310-macosx_10_15_x86_64.whl", hash = "sha256:b86f45e66bf1335bf3f7e43b8611dcb849a0cf64f6a66a558d26947dacffc64b"},
    {file = "ortools-9.5.2237-cp310-cp310-macosx_11_0_arm64.whl", hash = "sha256:79b491d0eb092f4f3fe06ffc35a4921a2b7055523d164a381517bfb5c20be8ea"},
    {file = "ortools-9.5.2237-cp310-cp310-manylinux_2_17_aarch64.manylinux2014_aarch64.whl", hash = "sha256:68908bc2b82381349fec89b3092a01d959e7e5f1a1769a5afc67493e146395fb"},
    {file = "ortools-9.5.2237-cp310-cp310-manylinux_2_17_x86_64.manylinux2014_x86_64.whl", hash = "sha256:b439a4735456c689556007c96fcacf0290b5881517b7a2d25266ab1cdd3d9235"},
    {file = "ortools-9.5.2237-cp310-cp310-win_amd64.whl", hash = "sha256:a4ea77b0c6ae3cd339f1eff969619510c8a98c9dc4ee9291a50cda298084b35b"},
    {file = "ortools-9.5.2237-cp311-cp311-macosx_10_15_x86_64.whl", hash = "sha256:e6cc55e60c466b5859e0a414f221b4c707e2a68f51c85c1379c4e35305c2d797"},
    {file = "ortools-9.5.2237-cp311-cp311-macosx_11_0_arm64.whl", hash = "sha256:6507811a80d315cf20f69408ca41df017278f6e0d7ed9f42271a75f9d50b3842"},
    {file = "ortools-9.5.2237-cp311-cp311-manylinux_2_17_aarch64.manylinux2014_aarch64.whl", hash = "sha256:344f45ce5709bf82c889e442a7bcd5cd86e9086750efd68e1f9562583a76a6a8"},
    {file = "ortools-9.5.2237-cp311-cp311-manylinux_2_17_x86_64.manylinux2014_x86_64.whl", hash = "sha256:3148eae10f7c9071eea138c6c12cf0da14428f1a401ad7b50d3999ed09ed15e0"},
    {file = "ortools-9.5.2237-cp311-cp311-win_amd64.whl", hash = "sha256:db4471316b7f949d0a0d46bf0c44691d870d7ab66ef34c88b7c24fc7ec22d0ae"},
    {file = "ortools-9.5.2237-cp36-cp36m-manylinux_2_17_aarch64.manylinux2014_aarch64.whl", hash = "sha256:1d32883d1ba3e25e0039312ad4e5da22a6e457557960c27e11816a204cd7014c"},
    {file = "ortools-9.5.2237-cp36-cp36m-manylinux_2_17_x86_64.manylinux2014_x86_64.whl", hash = "sha256:2d8293d10065955abe8a428eae35a49c338a183d647f7be91e132b79c48038c9"},
    {file = "ortools-9.5.2237-cp36-cp36m-win_amd64.whl", hash = "sha256:6ae39f1cb649958cd7cd3ac5608df0114054ee17069389bf299ed713ea562ba5"},
    {file = "ortools-9.5.2237-cp37-cp37m-macosx_10_15_x86_64.whl", hash = "sha256:efbaa7281032412c22409c85bcf2b2478fcd283060457566997ef223b4502bfe"},
    {file = "ortools-9.5.2237-cp37-cp37m-manylinux_2_17_aarch64.manylinux2014_aarch64.whl", hash = "sha256:622ef383febfdd50f240b90982e34fd396250e5501296bdc6dde70a9038ef915"},
    {file = "ortools-9.5.2237-cp37-cp37m-manylinux_2_17_x86_64.manylinux2014_x86_64.whl", hash = "sha256:e4caaf2cda3749d101ffb9a28f0e5e0aff3b22571b5ed68e8829a01dbf10d628"},
    {file = "ortools-9.5.2237-cp37-cp37m-win_amd64.whl", hash = "sha256:387910618bbb003f9ce0c706291f88ba03f0cc3fbda998616639f02ae69f8459"},
    {file = "ortools-9.5.2237-cp38-cp38-macosx_10_15_x86_64.whl", hash = "sha256:9fcd383f4ced260343602f8a2f1c65f6bc24fd0a1c684f8f040fa906d08a86d0"},
    {file = "ortools-9.5.2237-cp38-cp38-macosx_11_0_arm64.whl", hash = "sha256:0e8bb341e2949b393b68315cd841c8a79893e97defd0b7666847bc104b1713e9"},
    {file = "ortools-9.5.2237-cp38-cp38-manylinux_2_17_aarch64.manylinux2014_aarch64.whl", hash = "sha256:313bc41c192f645433c7559e10dea74074d4f2523759aa0c6cbad966b58aa853"},
    {file = "ortools-9.5.2237-cp38-cp38-manylinux_2_17_x86_64.manylinux2014_x86_64.whl", hash = "sha256:26b401a5644b493418f3ec434f95d6f1e7662ec1341dba8cf9c59ec33702d9e1"},
    {file = "ortools-9.5.2237-cp38-cp38-win_amd64.whl", hash = "sha256:637f782bfb9bdea2e216e3515c303e61198d504821ea3a359e3c6e616d26153a"},
    {file = "ortools-9.5.2237-cp39-cp39-macosx_10_15_x86_64.whl", hash = "sha256:11e33108dbbee2d045fbd8a099a3ffbf77eae58d7d6a237073833ba0571e6bbd"},
    {file = "ortools-9.5.2237-cp39-cp39-macosx_11_0_arm64.whl", hash = "sha256:f95f19a9d3d2e31286da5c0fc799d474ab8568240760c1555c4006cd4bf93ab9"},
    {file = "ortools-9.5.2237-cp39-cp39-manylinux_2_17_aarch64.manylinux2014_aarch64.whl", hash = "sha256:7aaa37f7e984f454ad33e81a22337b1a1a2f4269d5112853585dd391c77affc6"},
    {file = "ortools-9.5.2237-cp39-cp39-manylinux_2_17_x86_64.manylinux2014_x86_64.whl", hash = "sha256:9479343f0b83619d275cfdda694764db0899e23b6c500e837e0e3710c891d1a5"},
    {file = "ortools-9.5.2237-cp39-cp39-win_amd64.whl", hash = "sha256:b0acc463af9ea4413ab4833041fb3e8055e24bd4535f913fffb6bc0eb89e0a94"},
]

[package.dependencies]
absl-py = ">=0.13"
numpy = ">=1.13.3"
protobuf = ">=4.21.5"

[[package]]
name = "protobuf"
version = "4.23.4"
description = ""
optional = false
python-versions = ">=3.7"
files = [
    {file = "protobuf-4.23.4-cp310-abi3-win32.whl", hash = "sha256:5fea3c64d41ea5ecf5697b83e41d09b9589e6f20b677ab3c48e5f242d9b7897b"},
    {file = "protobuf-4.23.4-cp310-abi3-win_amd64.whl", hash = "sha256:7b19b6266d92ca6a2a87effa88ecc4af73ebc5cfde194dc737cf8ef23a9a3b12"},
    {file = "protobuf-4.23.4-cp37-abi3-macosx_10_9_universal2.whl", hash = "sha256:8547bf44fe8cec3c69e3042f5c4fb3e36eb2a7a013bb0a44c018fc1e427aafbd"},
    {file = "protobuf-4.23.4-cp37-abi3-manylinux2014_aarch64.whl", hash = "sha256:fee88269a090ada09ca63551bf2f573eb2424035bcf2cb1b121895b01a46594a"},
    {file = "protobuf-4.23.4-cp37-abi3-manylinux2014_x86_64.whl", hash = "sha256:effeac51ab79332d44fba74660d40ae79985901ac21bca408f8dc335a81aa597"},
    {file = "protobuf-4.23.4-cp37-cp37m-win32.whl", hash = "sha256:c3e0939433c40796ca4cfc0fac08af50b00eb66a40bbbc5dee711998fb0bbc1e"},
    {file = "protobuf-4.23.4-cp37-cp37m-win_amd64.whl", hash = "sha256:9053df6df8e5a76c84339ee4a9f5a2661ceee4a0dab019e8663c50ba324208b0"},
    {file = "protobuf-4.23.4-cp38-cp38-win32.whl", hash = "sha256:e1c915778d8ced71e26fcf43c0866d7499891bca14c4368448a82edc61fdbc70"},
    {file = "protobuf-4.23.4-cp38-cp38-win_amd64.whl", hash = "sha256:351cc90f7d10839c480aeb9b870a211e322bf05f6ab3f55fcb2f51331f80a7d2"},
    {file = "protobuf-4.23.4-cp39-cp39-win32.whl", hash = "sha256:6dd9b9940e3f17077e820b75851126615ee38643c2c5332aa7a359988820c720"},
    {file = "protobuf-4.23.4-cp39-cp39-win_amd64.whl", hash = "sha256:0a5759f5696895de8cc913f084e27fd4125e8fb0914bb729a17816a33819f474"},
    {file = "protobuf-4.23.4-py3-none-any.whl", hash = "sha256:e9d0be5bf34b275b9f87ba7407796556abeeba635455d036c7351f7c183ef8ff"},
    {file = "protobuf-4.23.4.tar.gz", hash = "sha256:ccd9430c0719dce806b93f89c91de7977304729e55377f872a92465d548329a9"},
]

[metadata]
lock-version = "2.0"
python-versions = "^3.11"
content-hash = "b9e7ec9f6d0cc19ee4de96364fbe547b2b335be478a96b8ada54b6c4a1b9836d"
